
Microsoft Visual Studio Solution File, Format Version 12.00
# Visual Studio Version 16
VisualStudioVersion = 16.0.29613.14
MinimumVisualStudioVersion = 10.0.40219.1
Project("{FAE04EC0-301F-11D3-BF4B-00C04F79EFBC}") = "masteryBlog", "masteryBlog\masteryBlog.csproj", "{FABFD7D9-502E-4366-80C9-07530F7F2A23}"
EndProject
Project("{FAE04EC0-301F-11D3-BF4B-00C04F79EFBC}") = "masteryBlogTests", "masteryBlogTests\masteryBlogTests.csproj", "{5C267D3A-355E-49BE-823C-7E8DC9905E56}"
EndProject
Global
	GlobalSection(SolutionConfigurationPlatforms) = preSolution
		Debug|Any CPU = Debug|Any CPU
		Release|Any CPU = Release|Any CPU
	EndGlobalSection
	GlobalSection(ProjectConfigurationPlatforms) = postSolution
		{FABFD7D9-502E-4366-80C9-07530F7F2A23}.Debug|Any CPU.ActiveCfg = Debug|Any CPU
		{FABFD7D9-502E-4366-80C9-07530F7F2A23}.Debug|Any CPU.Build.0 = Debug|Any CPU
		{FABFD7D9-502E-4366-80C9-07530F7F2A23}.Release|Any CPU.ActiveCfg = Release|Any CPU
		{FABFD7D9-502E-4366-80C9-07530F7F2A23}.Release|Any CPU.Build.0 = Release|Any CPU
		{5C267D3A-355E-49BE-823C-7E8DC9905E56}.Debug|Any CPU.ActiveCfg = Debug|Any CPU
		{5C267D3A-355E-49BE-823C-7E8DC9905E56}.Debug|Any CPU.Build.0 = Debug|Any CPU
		{5C267D3A-355E-49BE-823C-7E8DC9905E56}.Release|Any CPU.ActiveCfg = Release|Any CPU
		{5C267D3A-355E-49BE-823C-7E8DC9905E56}.Release|Any CPU.Build.0 = Release|Any CPU
	EndGlobalSection
	GlobalSection(SolutionProperties) = preSolution
		HideSolutionNode = FALSE
	EndGlobalSection
	GlobalSection(ExtensibilityGlobals) = postSolution
		SolutionGuid = {EFE6E72A-8104-4CCC-84A2-8C358292CA1D}
	EndGlobalSection
EndGlobal
